[[tools.direnv]]
version = "2.37.1"
backend = "aqua:direnv/direnv"
"platforms.linux-arm64" = { checksum = "sha256:2a9cef8d73521d6a3ec3f2871c4b747b8c4cc038628c1b57a7efa42b393a2d82", url = "https://github.com/direnv/direnv/releases/download/v2.37.1/direnv.linux-arm64"}
"platforms.linux-x64" = { checksum = "sha256:1f1b93dd6f38523fde26dfac96151ef9d31a374e3005cd3345fb93555ae0c9b5", url = "https://github.com/direnv/direnv/releases/download/v2.37.1/direnv.linux-amd64"}
"platforms.macos-arm64" = { checksum = "sha256:4f569f3a36732bfd8b8fea7bfcc6ad87a59745c109022164d0ca4832451d5369", url = "https://github.com/direnv/direnv/releases/download/v2.37.1/direnv.darwin-arm64"}
"platforms.macos-x64" = { checksum = "sha256:24fb9ce48b563d7e9fbdd3a4e3e836941654a31ce3e67eba9eaafc3dcd8ae73b", url = "https://github.com/direnv/direnv/releases/download/v2.37.1/direnv.darwin-amd64"}
"platforms.windows-x64" = { checksum = "sha256:d96fc8b7cf020c2d4c1dbbc2ccec5fd1cab05b51c491f02c8527a7fa6c50a1cd", url = "https://github.com/direnv/direnv/releases/download/v2.37.1/direnv.windows-amd64"}

[[tools.just]]
version = "1.46.0"
backend = "aqua:casey/just"
"platforms.linux-arm64" = { checksum = "sha256:b81970c8247fa64cfb30d2a3da0e487e4253f9f2d01865ed5e7d53cdc7b02188", url = "https://github.com/casey/just/releases/download/1.46.0/just-1.46.0-aarch64-unknown-linux-musl.tar.gz"}
"platforms.linux-x64" = { checksum = "sha256:79966e6e353f535ee7d1c6221641bcc8e3381c55b0d0a6dc6e54b34f9db36eaa", url = "https://github.com/casey/just/releases/download/1.46.0/just-1.46.0-x86_64-unknown-linux-musl.tar.gz"}
"platforms.macos-arm64" = { checksum = "sha256:438eaf6468a115aa7db93e501cc7e3272f453f6b7083be3863adfab546b23358", url = "https://github.com/casey/just/releases/download/1.46.0/just-1.46.0-aarch64-apple-darwin.tar.gz"}
"platforms.macos-x64" = { checksum = "sha256:ec54dd60ac876261b7318f1852ef9c0319fede1e5a73c14f56d908a8edf595b8", url = "https://github.com/casey/just/releases/download/1.46.0/just-1.46.0-x86_64-apple-darwin.tar.gz"}
"platforms.windows-x64" = { checksum = "sha256:f0acf3f8ccbcf360b481baae9cae4c921774c89d5d932012481d3e0bda78ab39", url = "https://github.com/casey/just/releases/download/1.46.0/just-1.46.0-x86_64-pc-windows-msvc.zip"}

[[tools.just]]
version = "1.47.0"
backend = "aqua:casey/just"
"platforms.linux-x64" = { checksum = "sha256:8fade096b572733d978eaf9bd2178c9a6e706858efce19f8771a4108784eeea6", url = "https://github.com/casey/just/releases/download/1.47.0/just-1.47.0-x86_64-unknown-linux-musl.tar.gz"}
"platforms.macos-arm64" = { checksum = "sha256:1ed67e695278af17108fc01befdde77b9819280c706cb1f7c792b95ddbdeb0a6", url = "https://github.com/casey/just/releases/download/1.47.0/just-1.47.0-aarch64-apple-darwin.tar.gz"}

[[tools.node]]
version = "24.13.1"
backend = "core:node"
"platforms.linux-x64" = { checksum = "sha256:7ad28fb172a9ab0593f86c1a39e5c268d0d8fc3d6cb0167f455b5655a7a6e2fd", url = "https://nodejs.org/dist/v24.13.1/node-v24.13.1-linux-x64.tar.gz"}
"platforms.macos-arm64" = { checksum = "sha256:8c039d59f2fec6195e4281ad5b0d02b9a940897b4df7b849c6fb48be6787bba6", url = "https://nodejs.org/dist/v24.13.1/node-v24.13.1-darwin-arm64.tar.gz"}

[[tools.node]]
version = "24.14.0"
backend = "core:node"
"platforms.linux-x64" = { checksum = "sha256:dbf5b8665dec15e59e6359a517fefb47b23fdb9152d8def975b9bca3dfc6d355", url = "https://nodejs.org/dist/v24.14.0/node-v24.14.0-linux-x64.tar.gz"}
"platforms.macos-arm64" = { checksum = "sha256:a1a54f46a750d2523d628d924aab61758a51c9dad3e0238beb14141be9615dd3", url = "https://nodejs.org/dist/v24.14.0/node-v24.14.0-darwin-arm64.tar.gz"}

[[tools.pnpm]]
version = "10.29.3"
backend = "aqua:pnpm/pnpm"
"platforms.linux-x64" = { checksum = "sha256:2fc98db127c611be0c110af11b5b72759f7d736893dddc81df73b7b59b30f15a", url = "https://github.com/pnpm/pnpm/releases/download/v10.29.3/pnpm-linux-x64"}
"platforms.macos-arm64" = { checksum = "sha256:a248c56b0ab20443e18d0c8ee3207c6c564ee342bd3fc8694b3569a060cecece", url = "https://github.com/pnpm/pnpm/releases/download/v10.29.3/pnpm-macos-arm64"}

[[tools.pnpm]]
version = "10.30.3"
backend = "aqua:pnpm/pnpm"
"platforms.linux-x64" = { checksum = "sha256:5dc971e801610471b5cd6729ba289531be6695bd50d5e833fe22b18896b13a06", url = "https://github.com/pnpm/pnpm/releases/download/v10.30.3/pnpm-linux-x64"}
"platforms.macos-arm64" = { checksum = "sha256:ccfb6e54fe29d13715e2fe418ef0374cde5a7f68b95f5ed5da5f564886af9d17", url = "https://github.com/pnpm/pnpm/releases/download/v10.30.3/pnpm-macos-arm64"}

[[tools.pnpm]]
version = "10.32.1"
backend = "aqua:pnpm/pnpm"
"platforms.linux-x64" = { checksum = "sha256:c5607a86bfb948297e96b393a53c90107766fe56329e62967b1f239d861d4363", url = "https://github.com/pnpm/pnpm/releases/download/v10.32.1/pnpm-linux-x64"}
"platforms.macos-arm64" = { checksum = "sha256:b0904b4e0cf36704fcdc24bcdb5f03388799a631510d1fb0d459ea69c7b1e2d9", url = "https://github.com/pnpm/pnpm/releases/download/v10.32.1/pnpm-macos-arm64"}

[[tools.python]]
version = "3.14.3"
backend = "core:python"
"platforms.linux-arm64" = { checksum = "sha256:be0f4dc2932f762292b27d46ea7d3e8e66ddf3969a5eb0254a229015ed402625", url = "https://github.com/astral-sh/python-build-standalone/releases/download/20260303/cpython-3.14.3+20260303-aarch64-unknown-linux-gnu-install_only_stripped.tar.gz"}
"platforms.linux-x64" = { checksum = "sha256:0023aa5e9930a70585e1b639055f4928f76080b2e1dcc2458453b595155a50ee", url = "https://github.com/astral-sh/python-build-standalone/releases/download/20260310/cpython-3.14.3+20260310-x86_64-unknown-linux-gnu-install_only_stripped.tar.gz"}
"platforms.macos-arm64" = { checksum = "sha256:1a98bbe7e63547d2f764bc9119f6d604dfb333f21afab5f4885dc362b4f3a921", url = "https://github.com/astral-sh/python-build-standalone/releases/download/20260310/cpython-3.14.3+20260310-aarch64-apple-darwin-install_only_stripped.tar.gz"}
"platforms.macos-x64" = { checksum = "sha256:76f1cc26e3d262eae8ca546a93e8bded10cf0323613f7e246fea2e10a8115eb7", url = "https://github.com/astral-sh/python-build-standalone/releases/download/20260303/cpython-3.14.3+20260303-x86_64-apple-darwin-install_only_stripped.tar.gz"}
"platforms.windows-x64" = { checksum = "sha256:950c5f21a015c1bdd1337f233456df2470fab71e4d794407d27a84cb8b9909a0", url = "https://github.com/astral-sh/python-build-standalone/releases/download/20260303/cpython-3.14.3+20260303-x86_64-pc-windows-msvc-install_only_stripped.tar.gz"}

[[tools.uv]]
version = "0.10.8"
backend = "aqua:astral-sh/uv"
"platforms.linux-arm64" = { checksum = "sha256:2ef0d0489e9e2a32f134ca80097fa36be4b486c4ab004706a1d6d0d57980ff07", url = "https://github.com/astral-sh/uv/releases/download/0.10.8/uv-aarch64-unknown-linux-musl.tar.gz"}
"platforms.linux-x64" = { checksum = "sha256:a4e6ad1aecac61077de548d2cc9ccf2c2f1848863312b3b59fb0d2eb8d8a043c", url = "https://github.com/astral-sh/uv/releases/download/0.10.8/uv-x86_64-unknown-linux-musl.tar.gz"}
"platforms.macos-arm64" = { checksum = "sha256:c3a6fff5b6b4abddff863117878194e35dbc6b0267d61ad259ab9896f9b8dcbb", url = "https://github.com/astral-sh/uv/releases/download/0.10.8/uv-aarch64-apple-darwin.tar.gz"}
"platforms.macos-x64" = { checksum = "sha256:e0a1b22b039f8155765f5bc8c13df03a5f994a901901179791572e8e5f053281", url = "https://github.com/astral-sh/uv/releases/download/0.10.8/uv-x86_64-apple-darwin.tar.gz"}
"platforms.windows-x64" = { checksum = "sha256:2e70ecd22196cbd9d14eefb700814bcafc5b75a0d8275b52e8402e5fe256d928", url = "https://github.com/astral-sh/uv/releases/download/0.10.8/uv-x86_64-pc-windows-msvc.zip"}

[[tools.uv]]
version = "0.10.9"
backend = "aqua:astral-sh/uv"
"platforms.linux-x64" = { checksum = "sha256:433e56874739e92c7cfd661ba9e5f287b376ca612c08c8194a41a98a13158aea", url = "https://github.com/astral-sh/uv/releases/download/0.10.9/uv-x86_64-unknown-linux-musl.tar.gz"}
"platforms.macos-arm64" = { checksum = "sha256:a92f61e9ac9b0f29668c15f56152e4a60143fca148ff5bfadb86718472c3f376", url = "https://github.com/astral-sh/uv/releases/download/0.10.9/uv-aarch64-apple-darwin.tar.gz"}

[[tools.uv]]
version = "0.10.10"
backend = "aqua:astral-sh/uv"
"platforms.linux-x64" = { checksum = "sha256:74544e8755fbc27559e22e29fd561bdc48f91b8bd8323e760a1130f32433bea4", url = "https://github.com/astral-sh/uv/releases/download/0.10.10/uv-x86_64-unknown-linux-musl.tar.gz"}
"platforms.macos-arm64" = { checksum = "sha256:8a09f0ef51ee7f7170731b4cb8bde5bf9ba6da5304f49a7df6cdab42a1f37b5d", url = "https://github.com/astral-sh/uv/releases/download/0.10.10/uv-aarch64-apple-darwin.tar.gz"}

[[tools.uv]]
version = "0.10.11"
backend = "aqua:astral-sh/uv"
"platforms.linux-x64" = { checksum = "sha256:d78246139dc6cf3ed6d03c84da762686bced7ad1de67977ee372a45b95a1f6d0", url = "https://github.com/astral-sh/uv/releases/download/0.10.11/uv-x86_64-unknown-linux-musl.tar.gz"}
"platforms.macos-arm64" = { checksum = "sha256:437a7d498dd6564d5bf986074249ba1fc600e73da55ae04d7bd4c24d5f149b95", url = "https://github.com/astral-sh/uv/releases/download/0.10.11/uv-aarch64-apple-darwin.tar.gz"}
